<?xml version="1.0" encoding="utf-8"?>
<Project ToolsVersion="4.0" xmlns="http://schemas.microsoft.com/developer/msbuild/2003">
  <ItemGroup>
    <Filter Include="Source Files">
      <UniqueIdentifier>{4FC737F1-C7A5-4376-A066-2A32D752A2FF}</UniqueIdentifier>
      <Extensions>cpp;c;cc;cxx;c++;cppm;ixx;def;odl;idl;hpj;bat;asm;asmx</Extensions>
    </Filter>
    <Filter Include="Header Files">
      <UniqueIdentifier>{93995380-89BD-4b04-88EB-625FBE52EBFB}</UniqueIdentifier>
      <Extensions>h;hh;hpp;hxx;h++;hm;inl;inc;ipp;xsd</Extensions>
    </Filter>
    <Filter Include="Resource Files">
      <UniqueIdentifier>{67DA6AB6-F800-4c08-8B7A-83BB121AAD01}</UniqueIdentifier>
      <Extensions>rc;ico;cur;bmp;dlg;rc2;rct;bin;rgs;gif;jpg;jpeg;jpe;resx;tiff;tif;png;wav;mfcribbon-ms</Extensions>
    </Filter>
  </ItemGroup>
  <ItemGroup>
    <ClCompile Include="src\main.cpp">
      <Filter>Source Files</Filter>
    </ClCompile>
    <ClCompile Include="src\GameWindow\GameWindow.cpp">
      <Filter>Source Files</Filter>
    </ClCompile>
    <ClCompile Include="src\Block\Block.cpp">
      <Filter>Source Files</Filter>
    </ClCompile>
    <ClCompile Include="libraries\include\glad\gl.c">
      <Filter>Source Files</Filter>
    </ClCompile>
    <ClCompile Include="src\Shaders\Shaders.cpp">
      <Filter>Source Files</Filter>
    </ClCompile>
    <ClCompile Include="src\Textures\Textures.cpp">
      <Filter>Source Files</Filter>
    </ClCompile>
    <ClCompile Include="src\World\World.cpp">
      <Filter>Source Files</Filter>
    </ClCompile>
    <ClCompile Include="src\Player\Player.cpp">
      <Filter>Source Files</Filter>
    </ClCompile>
    <ClCompile Include="src\World\Chunk.cpp">
      <Filter>Source Files</Filter>
    </ClCompile>
    <ClCompile Include="src\Game\Game.cpp">
      <Filter>Source Files</Filter>
    </ClCompile>
    <ClCompile Include="src\World\WorldUtils.cpp">
      <Filter>Source Files</Filter>
    </ClCompile>
    <ClCompile Include="src\World\Structures.cpp">
      <Filter>Source Files</Filter>
    </ClCompile>
    <ClCompile Include="src\GUI\DebugText.cpp">
      <Filter>Source Files</Filter>
    </ClCompile>
    <ClCompile Include="src\KeyHandler\KeyHandler.cpp">
      <Filter>Source Files</Filter>
    </ClCompile>
    <ClCompile Include="src\GUI\Components\Text.cpp">
      <Filter>Source Files</Filter>
    </ClCompile>
    <ClCompile Include="src\GUI\PauseMenu.cpp">
      <Filter>Source Files</Filter>
    </ClCompile>
    <ClCompile Include="src\GUI\Components\Button.cpp">
      <Filter>Source Files</Filter>
    </ClCompile>
    <ClCompile Include="src\GUI\Components\GUIComponent.cpp">
      <Filter>Source Files</Filter>
    </ClCompile>
    <ClCompile Include="src\GUI\Components\Image.cpp">
      <Filter>Source Files</Filter>
    </ClCompile>
    <ClCompile Include="src\GUI\MainMenu\MainMenu.cpp">
      <Filter>Source Files</Filter>
    </ClCompile>
    <ClCompile Include="src\World\WorldBlocks.cpp">
      <Filter>Source Files</Filter>
    </ClCompile>
    <ClCompile Include="src\GUI\MainMenu\WorldSelector.cpp">
      <Filter>Source Files</Filter>
    </ClCompile>
    <ClCompile Include="src\SoundEngine\SoundEngine.cpp">
      <Filter>Source Files</Filter>
    </ClCompile>
    <ClCompile Include="libraries\implementations\gltext.cpp">
      <Filter>Source Files</Filter>
    </ClCompile>
    <ClCompile Include="libraries\implementations\miniaudio.cpp">
      <Filter>Source Files</Filter>
    </ClCompile>
    <ClCompile Include="libraries\implementations\stb.cpp">
      <Filter>Source Files</Filter>
    </ClCompile>
    <ClCompile Include="src\World\Renderer.cpp">
      <Filter>Source Files</Filter>
    </ClCompile>
    <ClCompile Include="src\GUI\SettingsMenu.cpp">
      <Filter>Source Files</Filter>
    </ClCompile>
  </ItemGroup>
  <ItemGroup>
    <ClInclude Include="src\Logging.h">
      <Filter>Header Files</Filter>
    </ClInclude>
    <ClInclude Include="src\GameWindow\GameWindow.h">
      <Filter>Header Files</Filter>
    </ClInclude>
    <ClInclude Include="src\Block\Block.h">
      <Filter>Header Files</Filter>
    </ClInclude>
    <ClInclude Include="src\Block\CubeVertices.h">
      <Filter>Header Files</Filter>
    </ClInclude>
    <ClInclude Include="src\Shaders\Shaders.h">
      <Filter>Header Files</Filter>
    </ClInclude>
    <ClInclude Include="src\Textures\Textures.h">
      <Filter>Header Files</Filter>
    </ClInclude>
    <ClInclude Include="src\World\World.h">
      <Filter>Header Files</Filter>
    </ClInclude>
    <ClInclude Include="libraries\include\PerlinNoise\PerlinNoise.hpp">
      <Filter>Header Files</Filter>
    </ClInclude>
    <ClInclude Include="src\Player\Player.h">
      <Filter>Header Files</Filter>
    </ClInclude>
    <ClInclude Include="src\World\Utils.h">
      <Filter>Header Files</Filter>
    </ClInclude>
    <ClInclude Include="src\Colors.h">
      <Filter>Header Files</Filter>
    </ClInclude>
    <ClInclude Include="libraries\include\gltext\gltext.h">
      <Filter>Header Files</Filter>
    </ClInclude>
    <ClInclude Include="src\Game\Game.h">
      <Filter>Header Files</Filter>
    </ClInclude>
    <ClInclude Include="src\Game\ShaderSources.h">
      <Filter>Header Files</Filter>
    </ClInclude>
    <ClInclude Include="src\World\Structures.h">
      <Filter>Header Files</Filter>
    </ClInclude>
    <ClInclude Include="src\GUI\DebugText.h">
      <Filter>Header Files</Filter>
    </ClInclude>
    <ClInclude Include="src\KeyHandler\KeyHandler.h">
      <Filter>Header Files</Filter>
    </ClInclude>
    <ClInclude Include="src\GUI\Components\Text.h">
      <Filter>Header Files</Filter>
    </ClInclude>
    <ClInclude Include="src\GUI\PauseMenu.h">
      <Filter>Header Files</Filter>
    </ClInclude>
    <ClInclude Include="src\GUI\Components\Button.h">
      <Filter>Header Files</Filter>
    </ClInclude>
    <ClInclude Include="src\GUI\Components\Image.h">
      <Filter>Header Files</Filter>
    </ClInclude>
    <ClInclude Include="src\GUI\Components\GUIComponent.h">
      <Filter>Header Files</Filter>
    </ClInclude>
    <ClInclude Include="src\GUI\MainMenu\MainMenu.h">
      <Filter>Header Files</Filter>
    </ClInclude>
    <ClInclude Include="src\GUI\MainMenu\WorldSelector.h">
      <Filter>Header Files</Filter>
    </ClInclude>
    <ClInclude Include="src\SoundEngine\SoundEngine.h">
      <Filter>Header Files</Filter>
    </ClInclude>
    <ClInclude Include="src\GUI\SettingsMenu.h">
      <Filter>Header Files</Filter>
    </ClInclude>
  </ItemGroup>
  <ItemGroup>
    <None Include="src\Shaders\DefaultShader\Shader.frag" />
    <None Include="src\Shaders\DefaultShader\Shader.vert" />
    <None Include="src\Shaders\GUI\GUI.frag" />
    <None Include="src\Shaders\GUI\GUI.vert" />
    <None Include="src\Shaders\Skybox\Skybox.frag" />
    <None Include="src\Shaders\Skybox\Skybox.vert" />
  </ItemGroup>
  <ItemGroup>
    <ResourceCompile Include="resource.rc">
      <Filter>Resource Files</Filter>
    </ResourceCompile>
  </ItemGroup>
</Project>